
Microsoft Visual Studio Solution File, Format Version 12.00
# Visual Studio Version 16
VisualStudioVersion = 16.0.31129.286
MinimumVisualStudioVersion = 10.0.40219.1
Project("{FAE04EC0-301F-11D3-BF4B-00C04F79EFBC}") = "ScaleText", "ScaleText\ScaleText.csproj", "{0A2DE7A3-9D6C-400A-9F3E-CA357173C25B}"
EndProject
Global
	GlobalSection(SolutionConfigurationPlatforms) = preSolution
		Debug|Any CPU = Debug|Any CPU
		Release|Any CPU = Release|Any CPU
	EndGlobalSection
	GlobalSection(ProjectConfigurationPlatforms) = postSolution
		{0A2DE7A3-9D6C-400A-9F3E-CA357173C25B}.Debug|Any CPU.ActiveCfg = Debug|Any CPU
		{0A2DE7A3-9D6C-400A-9F3E-CA357173C25B}.Debug|Any CPU.Build.0 = Debug|Any CPU
		{0A2DE7A3-9D6C-400A-9F3E-CA357173C25B}.Release|Any CPU.ActiveCfg = Release|Any CPU
		{0A2DE7A3-9D6C-400A-9F3E-CA357173C25B}.Release|Any CPU.Build.0 = Release|Any CPU
	EndGlobalSection
	GlobalSection(SolutionProperties) = preSolution
		HideSolutionNode = FALSE
	EndGlobalSection
	GlobalSection(ExtensibilityGlobals) = postSolution
		SolutionGuid = {7DE0CB7A-1C49-4C64-8C2A-CE9FADCC7499}
	EndGlobalSection
EndGlobal
